
Microsoft Visual Studio Solution File, Format Version 12.00
Project("{FAE04EC0-301F-11D3-BF4B-00C04F79EFBC}") = "WpfTaskBar", "WpfTaskBar\WpfTaskBar.csproj", "{39652856-A6E4-46AF-B491-6E6159E02D54}"
EndProject
Project("{FAE04EC0-301F-11D3-BF4B-00C04F79EFBC}") = "ConsoleApp", "ConsoleApp\ConsoleApp.csproj", "{C4D99F63-3156-4C2E-917F-8A1D4CF6082F}"
EndProject
Project("{FAE04EC0-301F-11D3-BF4B-00C04F79EFBC}") = "ClassLibrary", "ClassLibrary\ClassLibrary.csproj", "{C317E674-5BF6-452C-9855-6B188D333DCD}"
EndProject
Global
	GlobalSection(SolutionConfigurationPlatforms) = preSolution
		Debug|Any CPU = Debug|Any CPU
		Release|Any CPU = Release|Any CPU
	EndGlobalSection
	GlobalSection(ProjectConfigurationPlatforms) = postSolution
		{39652856-A6E4-46AF-B491-6E6159E02D54}.Debug|Any CPU.ActiveCfg = Debug|Any CPU
		{39652856-A6E4-46AF-B491-6E6159E02D54}.Debug|Any CPU.Build.0 = Debug|Any CPU
		{39652856-A6E4-46AF-B491-6E6159E02D54}.Release|Any CPU.ActiveCfg = Release|Any CPU
		{39652856-A6E4-46AF-B491-6E6159E02D54}.Release|Any CPU.Build.0 = Release|Any CPU
		{C4D99F63-3156-4C2E-917F-8A1D4CF6082F}.Debug|Any CPU.ActiveCfg = Debug|Any CPU
		{C4D99F63-3156-4C2E-917F-8A1D4CF6082F}.Debug|Any CPU.Build.0 = Debug|Any CPU
		{C4D99F63-3156-4C2E-917F-8A1D4CF6082F}.Release|Any CPU.ActiveCfg = Release|Any CPU
		{C4D99F63-3156-4C2E-917F-8A1D4CF6082F}.Release|Any CPU.Build.0 = Release|Any CPU
		{C317E674-5BF6-452C-9855-6B188D333DCD}.Debug|Any CPU.ActiveCfg = Debug|Any CPU
		{C317E674-5BF6-452C-9855-6B188D333DCD}.Debug|Any CPU.Build.0 = Debug|Any CPU
		{C317E674-5BF6-452C-9855-6B188D333DCD}.Release|Any CPU.ActiveCfg = Release|Any CPU
		{C317E674-5BF6-452C-9855-6B188D333DCD}.Release|Any CPU.Build.0 = Release|Any CPU
	EndGlobalSection
EndGlobal
