
Microsoft Visual Studio Solution File, Format Version 12.00
Project("{FAE04EC0-301F-11D3-BF4B-00C04F79EFBC}") = "WpfTaskBar", "WpfTaskBar\WpfTaskBar.csproj", "{39652856-A6E4-46AF-B491-6E6159E02D54}"
EndProject
Global
	GlobalSection(SolutionConfigurationPlatforms) = preSolution
		Debug|Any CPU = Debug|Any CPU
		Release|Any CPU = Release|Any CPU
	EndGlobalSection
	GlobalSection(ProjectConfigurationPlatforms) = postSolution
		{39652856-A6E4-46AF-B491-6E6159E02D54}.Debug|Any CPU.ActiveCfg = Debug|Any CPU
		{39652856-A6E4-46AF-B491-6E6159E02D54}.Debug|Any CPU.Build.0 = Debug|Any CPU
		{39652856-A6E4-46AF-B491-6E6159E02D54}.Release|Any CPU.ActiveCfg = Release|Any CPU
		{39652856-A6E4-46AF-B491-6E6159E02D54}.Release|Any CPU.Build.0 = Release|Any CPU
	EndGlobalSection
EndGlobal
